Microsoft Visual Studio Solution File, Format Version 12.00
# Visual Studio Version 17
VisualStudioVersion = 17.5.2.0
MinimumVisualStudioVersion = 10.0.40219.1
Project("{FAE04EC0-301F-11D3-BF4B-00C04F79EFBC}") = "wek42", "wek42.csproj", "{3B6DB441-00E2-181E-7172-DD0AA0CEF568}"
EndProject
Global
	GlobalSection(SolutionConfigurationPlatforms) = preSolution
		Debug|Any CPU = Debug|Any CPU
		Release|Any CPU = Release|Any CPU
	EndGlobalSection
	GlobalSection(ProjectConfigurationPlatforms) = postSolution
		{3B6DB441-00E2-181E-7172-DD0AA0CEF568}.Debug|Any CPU.ActiveCfg = Debug|Any CPU
		{3B6DB441-00E2-181E-7172-DD0AA0CEF568}.Debug|Any CPU.Build.0 = Debug|Any CPU
		{3B6DB441-00E2-181E-7172-DD0AA0CEF568}.Release|Any CPU.ActiveCfg = Release|Any CPU
		{3B6DB441-00E2-181E-7172-DD0AA0CEF568}.Release|Any CPU.Build.0 = Release|Any CPU
	EndGlobalSection
	GlobalSection(SolutionProperties) = preSolution
		HideSolutionNode = FALSE
	EndGlobalSection
	GlobalSection(ExtensibilityGlobals) = postSolution
		SolutionGuid = {ECABCD30-4B8E-4BE7-9B61-FAAF6B5A7B9C}
	EndGlobalSection
EndGlobal
